
Microsoft Visual Studio Solution File, Format Version 12.00
# Visual Studio Version 17
VisualStudioVersion = 17.14.36127.28 d17.14
MinimumVisualStudioVersion = 10.0.40219.1
Project("{8BC9CEB8-8B4A-11D0-8D11-00A0C91BC942}") = "OddEven", "OddEven.vcxproj", "{6775E0F9-7827-4B53-B094-F773C3A85356}"
EndProject
Global
	GlobalSection(SolutionConfigurationPlatforms) = preSolution
		Debug|x64 = Debug|x64
		Debug|x86 = Debug|x86
		Release|x64 = Release|x64
		Release|x86 = Release|x86
	EndGlobalSection
	GlobalSection(ProjectConfigurationPlatforms) = postSolution
		{6775E0F9-7827-4B53-B094-F773C3A85356}.Debug|x64.ActiveCfg = Debug|x64
		{6775E0F9-7827-4B53-B094-F773C3A85356}.Debug|x64.Build.0 = Debug|x64
		{6775E0F9-7827-4B53-B094-F773C3A85356}.Debug|x86.ActiveCfg = Debug|Win32
		{6775E0F9-7827-4B53-B094-F773C3A85356}.Debug|x86.Build.0 = Debug|Win32
		{6775E0F9-7827-4B53-B094-F773C3A85356}.Release|x64.ActiveCfg = Release|x64
		{6775E0F9-7827-4B53-B094-F773C3A85356}.Release|x64.Build.0 = Release|x64
		{6775E0F9-7827-4B53-B094-F773C3A85356}.Release|x86.ActiveCfg = Release|Win32
		{6775E0F9-7827-4B53-B094-F773C3A85356}.Release|x86.Build.0 = Release|Win32
	EndGlobalSection
	GlobalSection(SolutionProperties) = preSolution
		HideSolutionNode = FALSE
	EndGlobalSection
	GlobalSection(ExtensibilityGlobals) = postSolution
		SolutionGuid = {BABFCF0C-39D7-451B-9F48-31D0171F9D6E}
	EndGlobalSection
EndGlobal
