
Microsoft Visual Studio Solution File, Format Version 12.00
# Visual Studio Version 17
VisualStudioVersion = 17.14.36127.28 d17.14
MinimumVisualStudioVersion = 10.0.40219.1
Project("{8BC9CEB8-8B4A-11D0-8D11-00A0C91BC942}") = "BitSets", "BitSets.vcxproj", "{1B37F4AA-2E9F-4157-8599-D7889F691C79}"
EndProject
Global
	GlobalSection(SolutionConfigurationPlatforms) = preSolution
		Debug|x64 = Debug|x64
		Debug|x86 = Debug|x86
		Release|x64 = Release|x64
		Release|x86 = Release|x86
	EndGlobalSection
	GlobalSection(ProjectConfigurationPlatforms) = postSolution
		{1B37F4AA-2E9F-4157-8599-D7889F691C79}.Debug|x64.ActiveCfg = Debug|x64
		{1B37F4AA-2E9F-4157-8599-D7889F691C79}.Debug|x64.Build.0 = Debug|x64
		{1B37F4AA-2E9F-4157-8599-D7889F691C79}.Debug|x86.ActiveCfg = Debug|Win32
		{1B37F4AA-2E9F-4157-8599-D7889F691C79}.Debug|x86.Build.0 = Debug|Win32
		{1B37F4AA-2E9F-4157-8599-D7889F691C79}.Release|x64.ActiveCfg = Release|x64
		{1B37F4AA-2E9F-4157-8599-D7889F691C79}.Release|x64.Build.0 = Release|x64
		{1B37F4AA-2E9F-4157-8599-D7889F691C79}.Release|x86.ActiveCfg = Release|Win32
		{1B37F4AA-2E9F-4157-8599-D7889F691C79}.Release|x86.Build.0 = Release|Win32
	EndGlobalSection
	GlobalSection(SolutionProperties) = preSolution
		HideSolutionNode = FALSE
	EndGlobalSection
	GlobalSection(ExtensibilityGlobals) = postSolution
		SolutionGuid = {5C4278F5-C542-49FD-9A7C-CF21F6614AB6}
	EndGlobalSection
EndGlobal
