
Microsoft Visual Studio Solution File, Format Version 12.00
# Visual Studio Version 17
VisualStudioVersion = 17.14.36127.28 d17.14
MinimumVisualStudioVersion = 10.0.40219.1
Project("{8BC9CEB8-8B4A-11D0-8D11-00A0C91BC942}") = "CallStack", "CallStack.vcxproj", "{412700DA-71AF-451F-A33F-A65E865D4932}"
EndProject
Global
	GlobalSection(SolutionConfigurationPlatforms) = preSolution
		Debug|x64 = Debug|x64
		Debug|x86 = Debug|x86
		Release|x64 = Release|x64
		Release|x86 = Release|x86
	EndGlobalSection
	GlobalSection(ProjectConfigurationPlatforms) = postSolution
		{412700DA-71AF-451F-A33F-A65E865D4932}.Debug|x64.ActiveCfg = Debug|x64
		{412700DA-71AF-451F-A33F-A65E865D4932}.Debug|x64.Build.0 = Debug|x64
		{412700DA-71AF-451F-A33F-A65E865D4932}.Debug|x86.ActiveCfg = Debug|Win32
		{412700DA-71AF-451F-A33F-A65E865D4932}.Debug|x86.Build.0 = Debug|Win32
		{412700DA-71AF-451F-A33F-A65E865D4932}.Release|x64.ActiveCfg = Release|x64
		{412700DA-71AF-451F-A33F-A65E865D4932}.Release|x64.Build.0 = Release|x64
		{412700DA-71AF-451F-A33F-A65E865D4932}.Release|x86.ActiveCfg = Release|Win32
		{412700DA-71AF-451F-A33F-A65E865D4932}.Release|x86.Build.0 = Release|Win32
	EndGlobalSection
	GlobalSection(SolutionProperties) = preSolution
		HideSolutionNode = FALSE
	EndGlobalSection
	GlobalSection(ExtensibilityGlobals) = postSolution
		SolutionGuid = {F9B9F545-5D9E-4FD0-ABF3-5B50402FD9A3}
	EndGlobalSection
EndGlobal
