
Microsoft Visual Studio Solution File, Format Version 12.00
# Visual Studio Version 17
VisualStudioVersion = 17.14.36127.28 d17.14
MinimumVisualStudioVersion = 10.0.40219.1
Project("{8BC9CEB8-8B4A-11D0-8D11-00A0C91BC942}") = "doubleInput", "doubleInput.vcxproj", "{753E6627-96F4-49F0-911A-B66371320556}"
EndProject
Global
	GlobalSection(SolutionConfigurationPlatforms) = preSolution
		Debug|x64 = Debug|x64
		Debug|x86 = Debug|x86
		Release|x64 = Release|x64
		Release|x86 = Release|x86
	EndGlobalSection
	GlobalSection(ProjectConfigurationPlatforms) = postSolution
		{753E6627-96F4-49F0-911A-B66371320556}.Debug|x64.ActiveCfg = Debug|x64
		{753E6627-96F4-49F0-911A-B66371320556}.Debug|x64.Build.0 = Debug|x64
		{753E6627-96F4-49F0-911A-B66371320556}.Debug|x86.ActiveCfg = Debug|Win32
		{753E6627-96F4-49F0-911A-B66371320556}.Debug|x86.Build.0 = Debug|Win32
		{753E6627-96F4-49F0-911A-B66371320556}.Release|x64.ActiveCfg = Release|x64
		{753E6627-96F4-49F0-911A-B66371320556}.Release|x64.Build.0 = Release|x64
		{753E6627-96F4-49F0-911A-B66371320556}.Release|x86.ActiveCfg = Release|Win32
		{753E6627-96F4-49F0-911A-B66371320556}.Release|x86.Build.0 = Release|Win32
	EndGlobalSection
	GlobalSection(SolutionProperties) = preSolution
		HideSolutionNode = FALSE
	EndGlobalSection
	GlobalSection(ExtensibilityGlobals) = postSolution
		SolutionGuid = {580311AC-8DD9-46CF-8F9A-799E092A1FBE}
	EndGlobalSection
EndGlobal
